
Microsoft Visual Studio Solution File, Format Version 12.00
# Visual Studio 15
Project("{FAE04EC0-301F-11D3-BF4B-00C04F79EFBC}") = "GradeBook.Tests", "GradeBook.Tests.csproj", "{854CE4F6-1330-4B4D-ABC1-DC85EBF7C043}"
EndProject
Global
	GlobalSection(SolutionConfigurationPlatforms) = preSolution
		Debug|Any CPU = Debug|Any CPU
		Release|Any CPU = Release|Any CPU
	EndGlobalSection
	GlobalSection(ProjectConfigurationPlatforms) = postSolution
		{854CE4F6-1330-4B4D-ABC1-DC85EBF7C043}.Debug|Any CPU.ActiveCfg = Debug|Any CPU
		{854CE4F6-1330-4B4D-ABC1-DC85EBF7C043}.Debug|Any CPU.Build.0 = Debug|Any CPU
		{854CE4F6-1330-4B4D-ABC1-DC85EBF7C043}.Release|Any CPU.ActiveCfg = Release|Any CPU
		{854CE4F6-1330-4B4D-ABC1-DC85EBF7C043}.Release|Any CPU.Build.0 = Release|Any CPU
	EndGlobalSection
EndGlobal
