
Microsoft Visual Studio Solution File, Format Version 12.00
# Visual Studio Version 16
VisualStudioVersion = 16.0.809.1
MinimumVisualStudioVersion = 10.0.40219.1
Project("{FAE04EC0-301F-11D3-BF4B-00C04F79EFBC}") = "OOP_Lecture", "OOP_Lecture.csproj", "{2CC5A86C-9C1E-4752-972B-6D19F66D5F96}"
EndProject
Global
	GlobalSection(SolutionConfigurationPlatforms) = preSolution
		Debug|Any CPU = Debug|Any CPU
		Release|Any CPU = Release|Any CPU
	EndGlobalSection
	GlobalSection(ProjectConfigurationPlatforms) = postSolution
		{2CC5A86C-9C1E-4752-972B-6D19F66D5F96}.Debug|Any CPU.ActiveCfg = Debug|Any CPU
		{2CC5A86C-9C1E-4752-972B-6D19F66D5F96}.Debug|Any CPU.Build.0 = Debug|Any CPU
		{2CC5A86C-9C1E-4752-972B-6D19F66D5F96}.Release|Any CPU.ActiveCfg = Release|Any CPU
		{2CC5A86C-9C1E-4752-972B-6D19F66D5F96}.Release|Any CPU.Build.0 = Release|Any CPU
	EndGlobalSection
	GlobalSection(SolutionProperties) = preSolution
		HideSolutionNode = FALSE
	EndGlobalSection
	GlobalSection(ExtensibilityGlobals) = postSolution
		SolutionGuid = {469E5692-3D4A-42B3-83B2-9645BE447630}
	EndGlobalSection
EndGlobal
